// !$*UTF8*$!
{
	archiveVersion = 1;
	classes = {
	};
	objectVersion = 55;
	objects = {

/* Begin PBXBuildFile section */
		C63C3E81287AAFA50047E6C7 /* AppDelegate.swift in Sources */ = {isa = PBXBuildFile; fileRef = C63C3E80287AAFA50047E6C7 /* AppDelegate.swift */; };
		C63C3E83287AAFA50047E6C7 /* SceneDelegate.swift in Sources */ = {isa = PBXBuildFile; fileRef = C63C3E82287AAFA50047E6C7 /* SceneDelegate.swift */; };
		C63C3E85287AAFA50047E6C7 /* ViewController.swift in Sources */ = {isa = PBXBuildFile; fileRef = C63C3E84287AAFA50047E6C7 /* ViewController.swift */; };
		C63C3E88287AAFA50047E6C7 /* Main.storyboard in Resources */ = {isa = PBXBuildFile; fileRef = C63C3E86287AAFA50047E6C7 /* Main.storyboard */; };
		C63C3E8A287AAFA60047E6C7 /* Assets.xcassets in Resources */ = {isa = PBXBuildFile; fileRef = C63C3E89287AAFA60047E6C7 /* Assets.xcassets */; };
		C63C3E8D287AAFA60047E6C7 /* LaunchScreen.storyboard in Resources */ = {isa = PBXBuildFile; fileRef = C63C3E8B287AAFA60047E6C7 /* LaunchScreen.storyboard */; };
		C63C3E98287AAFA70047E6C7 /* MVVMBindingDemoTests.swift in Sources */ = {isa = PBXBuildFile; fileRef = C63C3E97287AAFA70047E6C7 /* MVVMBindingDemoTests.swift */; };
		C63C3EA2287AAFA70047E6C7 /* MVVMBindingDemoUITests.swift in Sources */ = {isa = PBXBuildFile; fileRef = C63C3EA1287AAFA70047E6C7 /* MVVMBindingDemoUITests.swift */; };
		C63C3EA4287AAFA70047E6C7 /* MVVMBindingDemoUITestsLaunchTests.swift in Sources */ = {isa = PBXBuildFile; fileRef = C63C3EA3287AAFA70047E6C7 /* MVVMBindingDemoUITestsLaunchTests.swift */; };
/* End PBXBuildFile section */

/* Begin PBXContainerItemProxy section */
		C63C3E94287AAFA70047E6C7 /* PBXContainerItemProxy */ = {
			isa = PBXContainerItemProxy;
			containerPortal = C63C3E75287AAFA50047E6C7 /* Project object */;
			proxyType = 1;
			remoteGlobalIDString = C63C3E7C287AAFA50047E6C7;
			remoteInfo = MVVMBindingDemo;
		};
		C63C3E9E287AAFA70047E6C7 /* PBXContainerItemProxy */ = {
			isa = PBXContainerItemProxy;
			containerPortal = C63C3E75287AAFA50047E6C7 /* Project object */;
			proxyType = 1;
			remoteGlobalIDString = C63C3E7C287AAFA50047E6C7;
			remoteInfo = MVVMBindingDemo;
		};
/* End PBXContainerItemProxy section */

/* Begin PBXFileReference section */
		C63C3E7D287AAFA50047E6C7 /* MVVMBindingDemo.app */ = {isa = PBXFileReference; explicitFileType = wrapper.application; includeInIndex = 0; path = MVVMBindingDemo.app; sourceTree = BUILT_PRODUCTS_DIR; };
		C63C3E80287AAFA50047E6C7 /* AppDelegate.swift */ = {isa = PBXFileReference; lastKnownFileType = sourcecode.swift; path = AppDelegate.swift; sourceTree = "<group>"; };
		C63C3E82287AAFA50047E6C7 /* SceneDelegate.swift */ = {isa = PBXFileReference; lastKnownFileType = sourcecode.swift; path = SceneDelegate.swift; sourceTree = "<group>"; };
		C63C3E84287AAFA50047E6C7 /* ViewController.swift */ = {isa = PBXFileReference; lastKnownFileType = sourcecode.swift; path = ViewController.swift; sourceTree = "<group>"; };
		C63C3E87287AAFA50047E6C7 /* Base */ = {isa = PBXFileReference; lastKnownFileType = file.storyboard; name = Base; path = Base.lproj/Main.storyboard; sourceTree = "<group>"; };
		C63C3E89287AAFA60047E6C7 /* Assets.xcassets */ = {isa = PBXFileReference; lastKnownFileType = folder.assetcatalog; path = Assets.xcassets; sourceTree = "<group>"; };
		C63C3E8C287AAFA60047E6C7 /* Base */ = {isa = PBXFileReference; lastKnownFileType = file.storyboard; name = Base; path = Base.lproj/LaunchScreen.storyboard; sourceTree = "<group>"; };
		C63C3E8E287AAFA60047E6C7 /* Info.plist */ = {isa = PBXFileReference; lastKnownFileType = text.plist.xml; path = Info.plist; sourceTree = "<group>"; };
		C63C3E93287AAFA70047E6C7 /* MVVMBindingDemoTests.xctest */ = {isa = PBXFileReference; explicitFileType = wrapper.cfbundle; includeInIndex = 0; path = MVVMBindingDemoTests.xctest; sourceTree = BUILT_PRODUCTS_DIR; };
		C63C3E97287AAFA70047E6C7 /* MVVMBindingDemoTests.swift */ = {isa = PBXFileReference; lastKnownFileType = sourcecode.swift; path = MVVMBindingDemoTests.swift; sourceTree = "<group>"; };
		C63C3E9D287AAFA70047E6C7 /* MVVMBindingDemoUITests.xctest */ = {isa = PBXFileReference; explicitFileType = wrapper.cfbundle; includeInIndex = 0; path = MVVMBindingDemoUITests.xctest; sourceTree = BUILT_PRODUCTS_DIR; };
		C63C3EA1287AAFA70047E6C7 /* MVVMBindingDemoUITests.swift */ = {isa = PBXFileReference; lastKnownFileType = sourcecode.swift; path = MVVMBindingDemoUITests.swift; sourceTree = "<group>"; };
		C63C3EA3287AAFA70047E6C7 /* MVVMBindingDemoUITestsLaunchTests.swift */ = {isa = PBXFileReference; lastKnownFileType = sourcecode.swift; path = MVVMBindingDemoUITestsLaunchTests.swift; sourceTree = "<group>"; };
/* End PBXFileReference section */

/* Begin PBXFrameworksBuildPhase section */
		C63C3E7A287AAFA50047E6C7 /* Frameworks */ = {
			isa = PBXFrameworksBuildPhase;
			buildActionMask = 2147483647;
			files = (
			);
			runOnlyForDeploymentPostprocessing = 0;
		};
		C63C3E90287AAFA70047E6C7 /* Frameworks */ = {
			isa = PBXFrameworksBuildPhase;
			buildActionMask = 2147483647;
			files = (
			);
			runOnlyForDeploymentPostprocessing = 0;
		};
		C63C3E9A287AAFA70047E6C7 /* Frameworks */ = {
			isa = PBXFrameworksBuildPhase;
			buildActionMask = 2147483647;
			files = (
			);
			runOnlyForDeploymentPostprocessing = 0;
		};
/* End PBXFrameworksBuildPhase section */

/* Begin PBXGroup section */
		C63C3E74287AAFA50047E6C7 = {
			isa = PBXGroup;
			children = (
				C63C3E7F287AAFA50047E6C7 /* MVVMBindingDemo */,
				C63C3E96287AAFA70047E6C7 /* MVVMBindingDemoTests */,
				C63C3EA0287AAFA70047E6C7 /* MVVMBindingDemoUITests */,
				C63C3E7E287AAFA50047E6C7 /* Products */,
			);
			sourceTree = "<group>";
		};
		C63C3E7E287AAFA50047E6C7 /* Products */ = {
			isa = PBXGroup;
			children = (
				C63C3E7D287AAFA50047E6C7 /* MVVMBindingDemo.app */,
				C63C3E93287AAFA70047E6C7 /* MVVMBindingDemoTests.xctest */,
				C63C3E9D287AAFA70047E6C7 /* MVVMBindingDemoUITests.xctest */,
			);
			name = Products;
			sourceTree = "<group>";
		};
		C63C3E7F287AAFA50047E6C7 /* MVVMBindingDemo */ = {
			isa = PBXGroup;
			children = (
				C63C3E80287AAFA50047E6C7 /* AppDelegate.swift */,
				C63C3E82287AAFA50047E6C7 /* SceneDelegate.swift */,
				C63C3E84287AAFA50047E6C7 /* ViewController.swift */,
				C63C3E86287AAFA50047E6C7 /* Main.storyboard */,
				C63C3E89287AAFA60047E6C7 /* Assets.xcassets */,
				C63C3E8B287AAFA60047E6C7 /* LaunchScreen.storyboard */,
				C63C3E8E287AAFA60047E6C7 /* Info.plist */,
			);
			path = MVVMBindingDemo;
			sourceTree = "<group>";
		};
		C63C3E96287AAFA70047E6C7 /* MVVMBindingDemoTests */ = {
			isa = PBXGroup;
			children = (
				C63C3E97287AAFA70047E6C7 /* MVVMBindingDemoTests.swift */,
			);
			path = MVVMBindingDemoTests;
			sourceTree = "<group>";
		};
		C63C3EA0287AAFA70047E6C7 /* MVVMBindingDemoUITests */ = {
			isa = PBXGroup;
			children = (
				C63C3EA1287AAFA70047E6C7 /* MVVMBindingDemoUITests.swift */,
				C63C3EA3287AAFA70047E6C7 /* MVVMBindingDemoUITestsLaunchTests.swift */,
			);
			path = MVVMBindingDemoUITests;
			sourceTree = "<group>";
		};
/* End PBXGroup section */

/* Begin PBXNativeTarget section */
		C63C3E7C287AAFA50047E6C7 /* MVVMBindingDemo */ = {
			isa = PBXNativeTarget;
			buildConfigurationList = C63C3EA7287AAFA70047E6C7 /* Build configuration list for PBXNativeTarget "MVVMBindingDemo" */;
			buildPhases = (
				C63C3E79287AAFA50047E6C7 /* Sources */,
				C63C3E7A287AAFA50047E6C7 /* Frameworks */,
				C63C3E7B287AAFA50047E6C7 /* Resources */,
			);
			buildRules = (
			);
			dependencies = (
			);
			name = MVVMBindingDemo;
			productName = MVVMBindingDemo;
			productReference = C63C3E7D287AAFA50047E6C7 /* MVVMBindingDemo.app */;
			productType = "com.apple.product-type.application";
		};
		C63C3E92287AAFA70047E6C7 /* MVVMBindingDemoTests */ = {
			isa = PBXNativeTarget;
			buildConfigurationList = C63C3EAA287AAFA70047E6C7 /* Build configuration list for PBXNativeTarget "MVVMBindingDemoTests" */;
			buildPhases = (
				C63C3E8F287AAFA70047E6C7 /* Sources */,
				C63C3E90287AAFA70047E6C7 /* Frameworks */,
				C63C3E91287AAFA70047E6C7 /* Resources */,
			);
			buildRules = (
			);
			dependencies = (
				C63C3E95287AAFA70047E6C7 /* PBXTargetDependency */,
			);
			name = MVVMBindingDemoTests;
			productName = MVVMBindingDemoTests;
			productReference = C63C3E93287AAFA70047E6C7 /* MVVMBindingDemoTests.xctest */;
			productType = "com.apple.product-type.bundle.unit-test";
		};
		C63C3E9C287AAFA70047E6C7 /* MVVMBindingDemoUITests */ = {
			isa = PBXNativeTarget;
			buildConfigurationList = C63C3EAD287AAFA70047E6C7 /* Build configuration list for PBXNativeTarget "MVVMBindingDemoUITests" */;
			buildPhases = (
				C63C3E99287AAFA70047E6C7 /* Sources */,
				C63C3E9A287AAFA70047E6C7 /* Frameworks */,
				C63C3E9B287AAFA70047E6C7 /* Resources */,
			);
			buildRules = (
			);
			dependencies = (
				C63C3E9F287AAFA70047E6C7 /* PBXTargetDependency */,
			);
			name = MVVMBindingDemoUITests;
			productName = MVVMBindingDemoUITests;
			productReference = C63C3E9D287AAFA70047E6C7 /* MVVMBindingDemoUITests.xctest */;
			productType = "com.apple.product-type.bundle.ui-testing";
		};
/* End PBXNativeTarget section */

/* Begin PBXProject section */
		C63C3E75287AAFA50047E6C7 /* Project object */ = {
			isa = PBXProject;
			attributes = {
				BuildIndependentTargetsInParallel = 1;
				LastSwiftUpdateCheck = 1340;
				LastUpgradeCheck = 1340;
				TargetAttributes = {
					C63C3E7C287AAFA50047E6C7 = {
						CreatedOnToolsVersion = 13.4.1;
					};
					C63C3E92287AAFA70047E6C7 = {
						CreatedOnToolsVersion = 13.4.1;
						TestTargetID = C63C3E7C287AAFA50047E6C7;
					};
					C63C3E9C287AAFA70047E6C7 = {
						CreatedOnToolsVersion = 13.4.1;
						TestTargetID = C63C3E7C287AAFA50047E6C7;
					};
				};
			};
			buildConfigurationList = C63C3E78287AAFA50047E6C7 /* Build configuration list for PBXProject "MVVMBindingDemo" */;
			compatibilityVersion = "Xcode 13.0";
			developmentRegion = en;
			hasScannedForEncodings = 0;
			knownRegions = (
				en,
				Base,
			);
			mainGroup = C63C3E74287AAFA50047E6C7;
			productRefGroup = C63C3E7E287AAFA50047E6C7 /* Products */;
			projectDirPath = "";
			projectRoot = "";
			targets = (
				C63C3E7C287AAFA50047E6C7 /* MVVMBindingDemo */,
				C63C3E92287AAFA70047E6C7 /* MVVMBindingDemoTests */,
				C63C3E9C287AAFA70047E6C7 /* MVVMBindingDemoUITests */,
			);
		};
/* End PBXProject section */

/* Begin PBXResourcesBuildPhase section */
		C63C3E7B287AAFA50047E6C7 /* Resources */ = {
			isa = PBXResourcesBuildPhase;
			buildActionMask = 2147483647;
			files = (
				C63C3E8D287AAFA60047E6C7 /* LaunchScreen.storyboard in Resources */,
				C63C3E8A287AAFA60047E6C7 /* Assets.xcassets in Resources */,
				C63C3E88287AAFA50047E6C7 /* Main.storyboard in Resources */,
			);
			runOnlyForDeploymentPostprocessing = 0;
		};
		C63C3E91287AAFA70047E6C7 /* Resources */ = {
			isa = PBXResourcesBuildPhase;
			buildActionMask = 2147483647;
			files = (
			);
			runOnlyForDeploymentPostprocessing = 0;
		};
		C63C3E9B287AAFA70047E6C7 /* Resources */ = {
			isa = PBXResourcesBuildPhase;
			buildActionMask = 2147483647;
			files = (
			);
			runOnlyForDeploymentPostprocessing = 0;
		};
/* End PBXResourcesBuildPhase section */

/* Begin PBXSourcesBuildPhase section */
		C63C3E79287AAFA50047E6C7 /* Sources */ = {
			isa = PBXSourcesBuildPhase;
			buildActionMask = 2147483647;
			files = (
				C63C3E85287AAFA50047E6C7 /* ViewController.swift in Sources */,
				C63C3E81287AAFA50047E6C7 /* AppDelegate.swift in Sources */,
				C63C3E83287AAFA50047E6C7 /* SceneDelegate.swift in Sources */,
			);
			runOnlyForDeploymentPostprocessing = 0;
		};
		C63C3E8F287AAFA70047E6C7 /* Sources */ = {
			isa = PBXSourcesBuildPhase;
			buildActionMask = 2147483647;
			files = (
				C63C3E98287AAFA70047E6C7 /* MVVMBindingDemoTests.swift in Sources */,
			);
			runOnlyForDeploymentPostprocessing = 0;
		};
		C63C3E99287AAFA70047E6C7 /* Sources */ = {
			isa = PBXSourcesBuildPhase;
			buildActionMask = 2147483647;
			files = (
				C63C3EA2287AAFA70047E6C7 /* MVVMBindingDemoUITests.swift in Sources */,
				C63C3EA4287AAFA70047E6C7 /* MVVMBindingDemoUITestsLaunchTests.swift in Sources */,
			);
			runOnlyForDeploymentPostprocessing = 0;
		};
/* End PBXSourcesBuildPhase section */

/* Begin PBXTargetDependency section */
		C63C3E95287AAFA70047E6C7 /* PBXTargetDependency */ = {
			isa = PBXTargetDependency;
			target = C63C3E7C287AAFA50047E6C7 /* MVVMBindingDemo */;
			targetProxy = C63C3E94287AAFA70047E6C7 /* PBXContainerItemProxy */;
		};
		C63C3E9F287AAFA70047E6C7 /* PBXTargetDependency */ = {
			isa = PBXTargetDependency;
			target = C63C3E7C287AAFA50047E6C7 /* MVVMBindingDemo */;
			targetProxy = C63C3E9E287AAFA70047E6C7 /* PBXContainerItemProxy */;
		};
/* End PBXTargetDependency section */

/* Begin PBXVariantGroup section */
		C63C3E86287AAFA50047E6C7 /* Main.storyboard */ = {
			isa = PBXVariantGroup;
			children = (
				C63C3E87287AAFA50047E6C7 /* Base */,
			);
			name = Main.storyboard;
			sourceTree = "<group>";
		};
		C63C3E8B287AAFA60047E6C7 /* LaunchScreen.storyboard */ = {
			isa = PBXVariantGroup;
			children = (
				C63C3E8C287AAFA60047E6C7 /* Base */,
			);
			name = LaunchScreen.storyboard;
			sourceTree = "<group>";
		};
/* End PBXVariantGroup section */

/* Begin XCBuildConfiguration section */
		C63C3EA5287AAFA70047E6C7 /* Debug */ = {
			isa = XCBuildConfiguration;
			buildSettings = {
				ALWAYS_SEARCH_USER_PATHS = NO;
				CLANG_ANALYZER_NONNULL = YES;
				CLANG_ANALYZER_NUMBER_OBJECT_CONVERSION = YES_AGGRESSIVE;
				CLANG_CXX_LANGUAGE_STANDARD = "gnu++17";
				CLANG_ENABLE_MODULES = YES;
				CLANG_ENABLE_OBJC_ARC = YES;
				CLANG_ENABLE_OBJC_WEAK = YES;
				CLANG_WARN_BLOCK_CAPTURE_AUTORELEASING = YES;
				CLANG_WARN_BOOL_CONVERSION = YES;
				CLANG_WARN_COMMA = YES;
				CLANG_WARN_CONSTANT_CONVERSION = YES;
				CLANG_WARN_DEPRECATED_OBJC_IMPLEMENTATIONS = YES;
				CLANG_WARN_DIRECT_OBJC_ISA_USAGE = YES_ERROR;
				CLANG_WARN_DOCUMENTATION_COMMENTS = YES;
				CLANG_WARN_EMPTY_BODY = YES;
				CLANG_WARN_ENUM_CONVERSION = YES;
				CLANG_WARN_INFINITE_RECURSION = YES;
				CLANG_WARN_INT_CONVERSION = YES;
				CLANG_WARN_NON_LITERAL_NULL_CONVERSION = YES;
				CLANG_WARN_OBJC_IMPLICIT_RETAIN_SELF = YES;
				CLANG_WARN_OBJC_LITERAL_CONVERSION = YES;
				CLANG_WARN_OBJC_ROOT_CLASS = YES_ERROR;
				CLANG_WARN_QUOTED_INCLUDE_IN_FRAMEWORK_HEADER = YES;
				CLANG_WARN_RANGE_LOOP_ANALYSIS = YES;
				CLANG_WARN_STRICT_PROTOTYPES = YES;
				CLANG_WARN_SUSPICIOUS_MOVE = YES;
				CLANG_WARN_UNGUARDED_AVAILABILITY = YES_AGGRESSIVE;
				CLANG_WARN_UNREACHABLE_CODE = YES;
				CLANG_WARN__DUPLICATE_METHOD_MATCH = YES;
				COPY_PHASE_STRIP = NO;
				DEBUG_INFORMATION_FORMAT = dwarf;
				ENABLE_STRICT_OBJC_MSGSEND = YES;
				ENABLE_TESTABILITY = YES;
				GCC_C_LANGUAGE_STANDARD = gnu11;
				GCC_DYNAMIC_NO_PIC = NO;
				GCC_NO_COMMON_BLOCKS = YES;
				GCC_OPTIMIZATION_LEVEL = 0;
				GCC_PREPROCESSOR_DEFINITIONS = (
					"DEBUG=1",
					"$(inherited)",
				);
				GCC_WARN_64_TO_32_BIT_CONVERSION = YES;
				GCC_WARN_ABOUT_RETURN_TYPE = YES_ERROR;
				GCC_WARN_UNDECLARED_SELECTOR = YES;
				GCC_WARN_UNINITIALIZED_AUTOS = YES_AGGRESSIVE;
				GCC_WARN_UNUSED_FUNCTION = YES;
				GCC_WARN_UNUSED_VARIABLE = YES;
				IPHONEOS_DEPLOYMENT_TARGET = 15.5;
				MTL_ENABLE_DEBUG_INFO = INCLUDE_SOURCE;
				MTL_FAST_MATH = YES;
				ONLY_ACTIVE_ARCH = YES;
				SDKROOT = iphoneos;
				SWIFT_ACTIVE_COMPILATION_CONDITIONS = DEBUG;
				SWIFT_OPTIMIZATION_LEVEL = "-Onone";
			};
			name = Debug;
		};
		C63C3EA6287AAFA70047E6C7 /* Release */ = {
			isa = XCBuildConfiguration;
			buildSettings = {
				ALWAYS_SEARCH_USER_PATHS = NO;
				CLANG_ANALYZER_NONNULL = YES;
				CLANG_ANALYZER_NUMBER_OBJECT_CONVERSION = YES_AGGRESSIVE;
				CLANG_CXX_LANGUAGE_STANDARD = "gnu++17";
				CLANG_ENABLE_MODULES = YES;
				CLANG_ENABLE_OBJC_ARC = YES;
				CLANG_ENABLE_OBJC_WEAK = YES;
				CLANG_WARN_BLOCK_CAPTURE_AUTORELEASING = YES;
				CLANG_WARN_BOOL_CONVERSION = YES;
				CLANG_WARN_COMMA = YES;
				CLANG_WARN_CONSTANT_CONVERSION = YES;
				CLANG_WARN_DEPRECATED_OBJC_IMPLEMENTATIONS = YES;
				CLANG_WARN_DIRECT_OBJC_ISA_USAGE = YES_ERROR;
				CLANG_WARN_DOCUMENTATION_COMMENTS = YES;
				CLANG_WARN_EMPTY_BODY = YES;
				CLANG_WARN_ENUM_CONVERSION = YES;
				CLANG_WARN_INFINITE_RECURSION = YES;
				CLANG_WARN_INT_CONVERSION = YES;
				CLANG_WARN_NON_LITERAL_NULL_CONVERSION = YES;
				CLANG_WARN_OBJC_IMPLICIT_RETAIN_SELF = YES;
				CLANG_WARN_OBJC_LITERAL_CONVERSION = YES;
				CLANG_WARN_OBJC_ROOT_CLASS = YES_ERROR;
				CLANG_WARN_QUOTED_INCLUDE_IN_FRAMEWORK_HEADER = YES;
				CLANG_WARN_RANGE_LOOP_ANALYSIS = YES;
				CLANG_WARN_STRICT_PROTOTYPES = YES;
				CLANG_WARN_SUSPICIOUS_MOVE = YES;
				CLANG_WARN_UNGUARDED_AVAILABILITY = YES_AGGRESSIVE;
				CLANG_WARN_UNREACHABLE_CODE = YES;
				CLANG_WARN__DUPLICATE_METHOD_MATCH = YES;
				COPY_PHASE_STRIP = NO;
				DEBUG_INFORMATION_FORMAT = "dwarf-with-dsym";
				ENABLE_NS_ASSERTIONS = NO;
				ENABLE_STRICT_OBJC_MSGSEND = YES;
				GCC_C_LANGUAGE_STANDARD = gnu11;
				GCC_NO_COMMON_BLOCKS = YES;
				GCC_WARN_64_TO_32_BIT_CONVERSION = YES;
				GCC_WARN_ABOUT_RETURN_TYPE = YES_ERROR;
				GCC_WARN_UNDECLARED_SELECTOR = YES;
				GCC_WARN_UNINITIALIZED_AUTOS = YES_AGGRESSIVE;
				GCC_WARN_UNUSED_FUNCTION = YES;
				GCC_WARN_UNUSED_VARIABLE = YES;
				IPHONEOS_DEPLOYMENT_TARGET = 15.5;
				MTL_ENABLE_DEBUG_INFO = NO;
				MTL_FAST_MATH = YES;
				SDKROOT = iphoneos;
				SWIFT_COMPILATION_MODE = wholemodule;
				SWIFT_OPTIMIZATION_LEVEL = "-O";
				VALIDATE_PRODUCT = YES;
			};
			name = Release;
		};
		C63C3EA8287AAFA70047E6C7 /* Debug */ = {
			isa = XCBuildConfiguration;
			buildSettings = {
				ASSETCATALOG_COMPILER_APPICON_NAME = AppIcon;
				ASSETCATALOG_COMPILER_GLOBAL_ACCENT_COLOR_NAME = AccentColor;
				CODE_SIGN_STYLE = Automatic;
				CURRENT_PROJECT_VERSION = 1;
				GENERATE_INFOPLIST_FILE = YES;
				INFOPLIST_FILE = MVVMBindingDemo/Info.plist;
				INFOPLIST_KEY_UIApplicationSupportsIndirectInputEvents = YES;
				INFOPLIST_KEY_UILaunchStoryboardName = LaunchScreen;
				INFOPLIST_KEY_UIMainStoryboardFile = Main;
				INFOPLIST_KEY_UISupportedInterfaceOrientations_iPad = "UIInterfaceOrientationPortrait UIInterfaceOrientationPortraitUpsideDown UIInterfaceOrientationLandscapeLeft UIInterfaceOrientationLandscapeRight";
				INFOPLIST_KEY_UISupportedInterfaceOrientations_iPhone = "UIInterfaceOrientationPortrait UIInterfaceOrientationLandscapeLeft UIInterfaceOrientationLandscapeRight";
				LD_RUNPATH_SEARCH_PATHS = (
					"$(inherited)",
					"@executable_path/Frameworks",
				);
				MARKETING_VERSION = 1.0;
				PRODUCT_BUNDLE_IDENTIFIER = MVVMBindingDemo.MVVMBindingDemo;
				PRODUCT_NAME = "$(TARGET_NAME)";
				SWIFT_EMIT_LOC_STRINGS = YES;
				SWIFT_VERSION = 5.0;
				TARGETED_DEVICE_FAMILY = "1,2";
			};
			name = Debug;
		};
		C63C3EA9287AAFA70047E6C7 /* Release */ = {
			isa = XCBuildConfiguration;
			buildSettings = {
				ASSETCATALOG_COMPILER_APPICON_NAME = AppIcon;
				ASSETCATALOG_COMPILER_GLOBAL_ACCENT_COLOR_NAME = AccentColor;
				CODE_SIGN_STYLE = Automatic;
				CURRENT_PROJECT_VERSION = 1;
				GENERATE_INFOPLIST_FILE = YES;
				INFOPLIST_FILE = MVVMBindingDemo/Info.plist;
				INFOPLIST_KEY_UIApplicationSupportsIndirectInputEvents = YES;
				INFOPLIST_KEY_UILaunchStoryboardName = LaunchScreen;
				INFOPLIST_KEY_UIMainStoryboardFile = Main;
				INFOPLIST_KEY_UISupportedInterfaceOrientations_iPad = "UIInterfaceOrientationPortrait UIInterfaceOrientationPortraitUpsideDown UIInterfaceOrientationLandscapeLeft UIInterfaceOrientationLandscapeRight";
				INFOPLIST_KEY_UISupportedInterfaceOrientations_iPhone = "UIInterfaceOrientationPortrait UIInterfaceOrientationLandscapeLeft UIInterfaceOrientationLandscapeRight";
				LD_RUNPATH_SEARCH_PATHS = (
					"$(inherited)",
					"@executable_path/Frameworks",
				);
				MARKETING_VERSION = 1.0;
				PRODUCT_BUNDLE_IDENTIFIER = MVVMBindingDemo.MVVMBindingDemo;
				PRODUCT_NAME = "$(TARGET_NAME)";
				SWIFT_EMIT_LOC_STRINGS = YES;
				SWIFT_VERSION = 5.0;
				TARGETED_DEVICE_FAMILY = "1,2";
			};
			name = Release;
		};
		C63C3EAB287AAFA70047E6C7 /* Debug */ = {
			isa = XCBuildConfiguration;
			buildSettings = {
				ALWAYS_EMBED_SWIFT_STANDARD_LIBRARIES = YES;
				BUNDLE_LOADER = "$(TEST_HOST)";
				CODE_SIGN_STYLE = Automatic;
				CURRENT_PROJECT_VERSION = 1;
				GENERATE_INFOPLIST_FILE = YES;
				IPHONEOS_DEPLOYMENT_TARGET = 15.5;
				MARKETING_VERSION = 1.0;
				PRODUCT_BUNDLE_IDENTIFIER = MVVMBindingDemo.MVVMBindingDemoTests;
				PRODUCT_NAME = "$(TARGET_NAME)";
				SWIFT_EMIT_LOC_STRINGS = NO;
				SWIFT_VERSION = 5.0;
				TARGETED_DEVICE_FAMILY = "1,2";
				TEST_HOST = "$(BUILT_PRODUCTS_DIR)/MVVMBindingDemo.app/MVVMBindingDemo";
			};
			name = Debug;
		};
		C63C3EAC287AAFA70047E6C7 /* Release */ = {
			isa = XCBuildConfiguration;
			buildSettings = {
				ALWAYS_EMBED_SWIFT_STANDARD_LIBRARIES = YES;
				BUNDLE_LOADER = "$(TEST_HOST)";
				CODE_SIGN_STYLE = Automatic;
				CURRENT_PROJECT_VERSION = 1;
				GENERATE_INFOPLIST_FILE = YES;
				IPHONEOS_DEPLOYMENT_TARGET = 15.5;
				MARKETING_VERSION = 1.0;
				PRODUCT_BUNDLE_IDENTIFIER = MVVMBindingDemo.MVVMBindingDemoTests;
				PRODUCT_NAME = "$(TARGET_NAME)";
				SWIFT_EMIT_LOC_STRINGS = NO;
				SWIFT_VERSION = 5.0;
				TARGETED_DEVICE_FAMILY = "1,2";
				TEST_HOST = "$(BUILT_PRODUCTS_DIR)/MVVMBindingDemo.app/MVVMBindingDemo";
			};
			name = Release;
		};
		C63C3EAE287AAFA70047E6C7 /* Debug */ = {
			isa = XCBuildConfiguration;
			buildSettings = {
				ALWAYS_EMBED_SWIFT_STANDARD_LIBRARIES = YES;
				CODE_SIGN_STYLE = Automatic;
				CURRENT_PROJECT_VERSION = 1;
				GENERATE_INFOPLIST_FILE = YES;
				MARKETING_VERSION = 1.0;
				PRODUCT_BUNDLE_IDENTIFIER = MVVMBindingDemo.MVVMBindingDemoUITests;
				PRODUCT_NAME = "$(TARGET_NAME)";
				SWIFT_EMIT_LOC_STRINGS = NO;
				SWIFT_VERSION = 5.0;
				TARGETED_DEVICE_FAMILY = "1,2";
				TEST_TARGET_NAME = MVVMBindingDemo;
			};
			name = Debug;
		};
		C63C3EAF287AAFA70047E6C7 /* Release */ = {
			isa = XCBuildConfiguration;
			buildSettings = {
				ALWAYS_EMBED_SWIFT_STANDARD_LIBRARIES = YES;
				CODE_SIGN_STYLE = Automatic;
				CURRENT_PROJECT_VERSION = 1;
				GENERATE_INFOPLIST_FILE = YES;
				MARKETING_VERSION = 1.0;
				PRODUCT_BUNDLE_IDENTIFIER = MVVMBindingDemo.MVVMBindingDemoUITests;
				PRODUCT_NAME = "$(TARGET_NAME)";
				SWIFT_EMIT_LOC_STRINGS = NO;
				SWIFT_VERSION = 5.0;
				TARGETED_DEVICE_FAMILY = "1,2";
				TEST_TARGET_NAME = MVVMBindingDemo;
			};
			name = Release;
		};
/* End XCBuildConfiguration section */

/* Begin XCConfigurationList section */
		C63C3E78287AAFA50047E6C7 /* Build configuration list for PBXProject "MVVMBindingDemo" */ = {
			isa = XCConfigurationList;
			buildConfigurations = (
				C63C3EA5287AAFA70047E6C7 /* Debug */,
				C63C3EA6287AAFA70047E6C7 /* Release */,
			);
			defaultConfigurationIsVisible = 0;
			defaultConfigurationName = Release;
		};
		C63C3EA7287AAFA70047E6C7 /* Build configuration list for PBXNativeTarget "MVVMBindingDemo" */ = {
			isa = XCConfigurationList;
			buildConfigurations = (
				C63C3EA8287AAFA70047E6C7 /* Debug */,
				C63C3EA9287AAFA70047E6C7 /* Release */,
			);
			defaultConfigurationIsVisible = 0;
			defaultConfigurationName = Release;
		};
		C63C3EAA287AAFA70047E6C7 /* Build configuration list for PBXNativeTarget "MVVMBindingDemoTests" */ = {
			isa = XCConfigurationList;
			buildConfigurations = (
				C63C3EAB287AAFA70047E6C7 /* Debug */,
				C63C3EAC287AAFA70047E6C7 /* Release */,
			);
			defaultConfigurationIsVisible = 0;
			defaultConfigurationName = Release;
		};
		C63C3EAD287AAFA70047E6C7 /* Build configuration list for PBXNativeTarget "MVVMBindingDemoUITests" */ = {
			isa = XCConfigurationList;
			buildConfigurations = (
				C63C3EAE287AAFA70047E6C7 /* Debug */,
				C63C3EAF287AAFA70047E6C7 /* Release */,
			);
			defaultConfigurationIsVisible = 0;
			defaultConfigurationName = Release;
		};
/* End XCConfigurationList section */
	};
	rootObject = C63C3E75287AAFA50047E6C7 /* Project object */;
}
